{
  "name": "genesistools",
  "version": "1.0.0",
  "lockfileVersion": 3,
  "requires": true,
  "packages": {
    "": {
      "name": "genesistools",
      "version": "1.0.0",
      "license": "ISC",
      "dependencies": {
        "@playcanvas/supersplat-viewer": "^1.26.2"
      }
    },
    "node_modules/@playcanvas/supersplat-viewer": {
      "version": "1.26.2",
      "resolved": "https://registry.npmjs.org/@playcanvas/supersplat-viewer/-/supersplat-viewer-1.26.2.tgz",
      "integrity": "sha512-7D28zFor0yPRgDi6GqgmP5mcs/iSQCEawpAnr6lWXk8JJnXmYl+m+9eTH1qk38BOgkyCoksmuDwidlxclKpKtQ==",
      "license": "MIT",
      "engines": {
        "node": ">=18.0.0"
      }
    }
  }
}
